
Microsoft Visual Studio Solution File, Format Version 10.00
# Visual Studio 2008
Project("{FAE04EC0-301F-11D3-BF4B-00C04F79EFBC}") = "PC_Terminal", "PC_Terminal\PC_Terminal.csproj", "{5E65BDCD-8EE5-4CAD-920F-219F9787B806}"
EndProject
Global
	GlobalSection(SolutionConfigurationPlatforms) = preSolution
		Debug|Any CPU = Debug|Any CPU
		Release|Any CPU = Release|Any CPU
	EndGlobalSection
	GlobalSection(ProjectConfigurationPlatforms) = postSolution
		{5E65BDCD-8EE5-4CAD-920F-219F9787B806}.Debug|Any CPU.ActiveCfg = Debug|Any CPU
		{5E65BDCD-8EE5-4CAD-920F-219F9787B806}.Debug|Any CPU.Build.0 = Debug|Any CPU
		{5E65BDCD-8EE5-4CAD-920F-219F9787B806}.Release|Any CPU.ActiveCfg = Release|Any CPU
		{5E65BDCD-8EE5-4CAD-920F-219F9787B806}.Release|Any CPU.Build.0 = Release|Any CPU
	EndGlobalSection
	GlobalSection(SolutionProperties) = preSolution
		HideSolutionNode = FALSE
	EndGlobalSection
EndGlobal
